
Microsoft Visual Studio Solution File, Format Version 12.00
# Visual Studio Version 16
VisualStudioVersion = 16.0.31410.357
MinimumVisualStudioVersion = 10.0.40219.1
Project("{FAE04EC0-301F-11D3-BF4B-00C04F79EFBC}") = "KALKULATOR PENGHITUNG LUAS LINGKARAN", "KALKULATOR PENGHITUNG LUAS LINGKARAN\KALKULATOR PENGHITUNG LUAS LINGKARAN.csproj", "{2CFCFD39-1FD9-44A5-AA95-794007B7107E}"
EndProject
Global
	GlobalSection(SolutionConfigurationPlatforms) = preSolution
		Debug|Any CPU = Debug|Any CPU
		Release|Any CPU = Release|Any CPU
	EndGlobalSection
	GlobalSection(ProjectConfigurationPlatforms) = postSolution
		{2CFCFD39-1FD9-44A5-AA95-794007B7107E}.Debug|Any CPU.ActiveCfg = Debug|Any CPU
		{2CFCFD39-1FD9-44A5-AA95-794007B7107E}.Debug|Any CPU.Build.0 = Debug|Any CPU
		{2CFCFD39-1FD9-44A5-AA95-794007B7107E}.Release|Any CPU.ActiveCfg = Release|Any CPU
		{2CFCFD39-1FD9-44A5-AA95-794007B7107E}.Release|Any CPU.Build.0 = Release|Any CPU
	EndGlobalSection
	GlobalSection(SolutionProperties) = preSolution
		HideSolutionNode = FALSE
	EndGlobalSection
	GlobalSection(ExtensibilityGlobals) = postSolution
		SolutionGuid = {2112DA3E-F44B-4334-B0D4-08184A5CAB43}
	EndGlobalSection
EndGlobal
